Microsoft Visual Studio Solution File, Format Version 12.00
# Visual Studio Version 17
VisualStudioVersion = 17.5.2.0
MinimumVisualStudioVersion = 10.0.40219.1
Project("{FAE04EC0-301F-11D3-BF4B-00C04F79EFBC}") = "ToySwap.Api", "ToySwap.Api.csproj", "{7E37EADA-F522-2843-00FE-4EDBBAB533F4}"
EndProject
Global
	GlobalSection(SolutionConfigurationPlatforms) = preSolution
		Debug|Any CPU = Debug|Any CPU
		Release|Any CPU = Release|Any CPU
	EndGlobalSection
	GlobalSection(ProjectConfigurationPlatforms) = postSolution
		{7E37EADA-F522-2843-00FE-4EDBBAB533F4}.Debug|Any CPU.ActiveCfg = Debug|Any CPU
		{7E37EADA-F522-2843-00FE-4EDBBAB533F4}.Debug|Any CPU.Build.0 = Debug|Any CPU
		{7E37EADA-F522-2843-00FE-4EDBBAB533F4}.Release|Any CPU.ActiveCfg = Release|Any CPU
		{7E37EADA-F522-2843-00FE-4EDBBAB533F4}.Release|Any CPU.Build.0 = Release|Any CPU
	EndGlobalSection
	GlobalSection(SolutionProperties) = preSolution
		HideSolutionNode = FALSE
	EndGlobalSection
	GlobalSection(ExtensibilityGlobals) = postSolution
		SolutionGuid = {83675047-E94B-4CC9-898B-715B199F2B96}
	EndGlobalSection
EndGlobal
